
Microsoft Visual Studio Solution File, Format Version 12.00
# Visual Studio Version 17
VisualStudioVersion = 17.6.33723.286
MinimumVisualStudioVersion = 10.0.40219.1
Project("{FAE04EC0-301F-11D3-BF4B-00C04F79EFBC}") = "aula6lp1.2", "aula6lp1.2\aula6lp1.2.csproj", "{3D9FDEEB-64E9-4232-922B-DB8E7B2FA3E3}"
EndProject
Global
	GlobalSection(SolutionConfigurationPlatforms) = preSolution
		Debug|Any CPU = Debug|Any CPU
		Release|Any CPU = Release|Any CPU
	EndGlobalSection
	GlobalSection(ProjectConfigurationPlatforms) = postSolution
		{3D9FDEEB-64E9-4232-922B-DB8E7B2FA3E3}.Debug|Any CPU.ActiveCfg = Debug|Any CPU
		{3D9FDEEB-64E9-4232-922B-DB8E7B2FA3E3}.Debug|Any CPU.Build.0 = Debug|Any CPU
		{3D9FDEEB-64E9-4232-922B-DB8E7B2FA3E3}.Release|Any CPU.ActiveCfg = Release|Any CPU
		{3D9FDEEB-64E9-4232-922B-DB8E7B2FA3E3}.Release|Any CPU.Build.0 = Release|Any CPU
	EndGlobalSection
	GlobalSection(SolutionProperties) = preSolution
		HideSolutionNode = FALSE
	EndGlobalSection
	GlobalSection(ExtensibilityGlobals) = postSolution
		SolutionGuid = {6D86DB47-D6D3-4BA6-AB7E-7AC248EB6B12}
	EndGlobalSection
EndGlobal
